
Microsoft Visual Studio Solution File, Format Version 12.00
# Visual Studio Version 16
VisualStudioVersion = 16.0.32929.386
MinimumVisualStudioVersion = 10.0.40219.1
Project("{FAE04EC0-301F-11D3-BF4B-00C04F79EFBC}") = "gpos700x", "gpos700x.csproj", "{2188146B-ADCA-4E98-B05B-2279F4743B05}"
EndProject
Global
	GlobalSection(SolutionConfigurationPlatforms) = preSolution
		Debug|Any CPU = Debug|Any CPU
		Release|Any CPU = Release|Any CPU
	EndGlobalSection
	GlobalSection(ProjectConfigurationPlatforms) = postSolution
		{2188146B-ADCA-4E98-B05B-2279F4743B05}.Debug|Any CPU.ActiveCfg = Debug|Any CPU
		{2188146B-ADCA-4E98-B05B-2279F4743B05}.Debug|Any CPU.Build.0 = Debug|Any CPU
		{2188146B-ADCA-4E98-B05B-2279F4743B05}.Debug|Any CPU.Deploy.0 = Debug|Any CPU
		{2188146B-ADCA-4E98-B05B-2279F4743B05}.Release|Any CPU.ActiveCfg = Release|Any CPU
		{2188146B-ADCA-4E98-B05B-2279F4743B05}.Release|Any CPU.Build.0 = Release|Any CPU
		{2188146B-ADCA-4E98-B05B-2279F4743B05}.Release|Any CPU.Deploy.0 = Release|Any CPU
	EndGlobalSection
	GlobalSection(SolutionProperties) = preSolution
		HideSolutionNode = FALSE
	EndGlobalSection
	GlobalSection(ExtensibilityGlobals) = postSolution
		SolutionGuid = {86FA619B-8DD1-4D9A-A3D4-4912C7F86A42}
	EndGlobalSection
EndGlobal
